{
    "_readme": [
        "This file locks the dependencies of your project to a known state",
        "Read more about it at https://getcomposer.org/doc/01-basic-usage.md#installing-dependencies",
        "This file is @generated automatically"
    ],
    "content-hash": "df0b7dfbc601fbf0875a881efd0686e4",
    "packages": [],
    "packages-dev": [
        {
            "name": "doctrine/instantiator",
            "version": "1.1.0",
            "source": {
                "type": "git",
                "url": "https://github.com/doctrine/instantiator.git",
                "reference": "185b8868aa9bf7159f5f953ed5afb2d7fcdc3bda"
            },
            "dist": {
                "type": "zip",
                "url": "https://api.github.com/repos/doctrine/instantiator/zipball/185b8868aa9bf7159f5f953ed5afb2d7fcdc3bda",
                "reference": "185b8868aa9bf7159f5f953ed5afb2d7fcdc3bda",
                "shasum": ""
            },
            "require": {
                "php": "^7.1"
            },
            "require-dev": {
                "athletic/athletic": "~0.1.8",
                "ext-pdo": "*",
                "ext-phar": "*",
                "phpunit/phpunit": "^6.2.3",
                "squizlabs/php_codesniffer": "^3.0.2"
            },
            "type": "library",
            "extra": {
                "branch-alias": {
                    "dev-master": "1.2.x-dev"
                }
            },
            "autoload": {
                "psr-4": {
                    "Doctrine\\Instantiator\\": "src/Doctrine/Instantiator/"
                }
            },
            "notification-url": "https://packagist.org/downloads/",
            "license": [
                "MIT"
            ],
            "authors": [
                {
                    "name": "Marco Pivetta",
                    "email": "ocramius@gmail.com",
                    "homepage": "http://ocramius.github.com/"
                }
            ],
            "description": "A small, lightweight utility to instantiate objects in PHP without invoking their constructors",
            "homepage": "https://github.com/doctrine/instantiator",
            "keywords": [
                "constructor",
                "instantiate"
            ],
            "time": "2017-07-22T11:58:36+00:00"
        },
        {
            "name": "phpunit/php-code-coverage",
            "version": "1.2.0",
            "source": {
                "type": "git",
                "url": "https://github.com/sebastianbergmann/php-code-coverage.git",
                "reference": "21d0f05b8127057159eec4be79f8f8a92bc90957"
            },
            "dist": {
                "type": "zip",
                "url": "https://api.github.com/repos/sebastianbergmann/php-code-coverage/zipball/21d0f05b8127057159eec4be79f8f8a92bc90957",
                "reference": "21d0f05b8127057159eec4be79f8f8a92bc90957",
                "shasum": ""
            },
            "require": {
                "php": ">=5.3.3",
                "phpunit/php-file-iterator": ">=1.3.0@stable",
                "phpunit/php-text-template": ">=1.1.1@stable",
                "phpunit/php-token-stream": ">=1.1.3@stable"
            },
            "suggest": {
                "ext-dom": "*",
                "ext-reflection": "*",
                "ext-spl": "*",
                "ext-xdebug": ">=2.0.5"
            },
            "type": "library",
            "autoload": {
                "files": [
                    "PHP/CodeCoverage/Autoload.php"
                ]
            },
            "notification-url": "https://packagist.org/downloads/",
            "include-path": [
                ""
            ],
            "license": [
                "BSD-3-Clause"
            ],
            "authors": [
                {
                    "name": "Sebastian Bergmann",
                    "email": "sb@sebastian-bergmann.de",
                    "role": "lead"
                }
            ],
            "description": "Library that provides collection, processing, and rendering functionality for PHP code coverage information.",
            "homepage": "http://www.phpunit.de/",
            "keywords": [
                "coverage",
                "testing",
                "xunit"
            ],
            "time": "2012-09-19T00:00:00+00:00"
        },
        {
            "name": "phpunit/php-file-iterator",
            "version": "2.0.1",
            "source": {
                "type": "git",
                "url": "https://github.com/sebastianbergmann/php-file-iterator.git",
                "reference": "cecbc684605bb0cc288828eb5d65d93d5c676d3c"
            },
            "dist": {
                "type": "zip",
                "url": "https://api.github.com/repos/sebastianbergmann/php-file-iterator/zipball/cecbc684605bb0cc288828eb5d65d93d5c676d3c",
                "reference": "cecbc684605bb0cc288828eb5d65d93d5c676d3c",
                "shasum": ""
            },
            "require": {
                "php": "^7.1"
            },
            "type": "library",
            "extra": {
                "branch-alias": {
                    "dev-master": "2.0.x-dev"
                }
            },
            "autoload": {
                "classmap": [
                    "src/"
                ]
            },
            "notification-url": "https://packagist.org/downloads/",
            "license": [
                "BSD-3-Clause"
            ],
            "authors": [
                {
                    "name": "Sebastian Bergmann",
                    "email": "sebastian@phpunit.de",
                    "role": "lead"
                }
            ],
            "description": "FilterIterator implementation that filters files based on a list of suffixes.",
            "homepage": "https://github.com/sebastianbergmann/php-file-iterator/",
            "keywords": [
                "filesystem",
                "iterator"
            ],
            "time": "2018-06-11T11:44:00+00:00"
        },
        {
            "name": "phpunit/php-text-template",
            "version": "1.2.1",
            "source": {
                "type": "git",
                "url": "https://github.com/sebastianbergmann/php-text-template.git",
                "reference": "31f8b717e51d9a2afca6c9f046f5d69fc27c8686"
            },
            "dist": {
                "type": "zip",
                "url": "https://api.github.com/repos/sebastianbergmann/php-text-template/zipball/31f8b717e51d9a2afca6c9f046f5d69fc27c8686",
                "reference": "31f8b717e51d9a2afca6c9f046f5d69fc27c8686",
                "shasum": ""
            },
            "require": {
                "php": ">=5.3.3"
            },
            "type": "library",
            "autoload": {
                "classmap": [
                    "src/"
                ]
            },
            "notification-url": "https://packagist.org/downloads/",
            "license": [
                "BSD-3-Clause"
            ],
            "authors": [
                {
                    "name": "Sebastian Bergmann",
                    "email": "sebastian@phpunit.de",
                    "role": "lead"
                }
            ],
            "description": "Simple template engine.",
            "homepage": "https://github.com/sebastianbergmann/php-text-template/",
            "keywords": [
                "template"
            ],
            "time": "2015-06-21T13:50:34+00:00"
        },
        {
            "name": "phpunit/php-timer",
            "version": "2.0.0",
            "source": {
                "type": "git",
                "url": "https://github.com/sebastianbergmann/php-timer.git",
                "reference": "8b8454ea6958c3dee38453d3bd571e023108c91f"
            },
            "dist": {
                "type": "zip",
                "url": "https://api.github.com/repos/sebastianbergmann/php-timer/zipball/8b8454ea6958c3dee38453d3bd571e023108c91f",
                "reference": "8b8454ea6958c3dee38453d3bd571e023108c91f",
                "shasum": ""
            },
            "require": {
                "php": "^7.1"
            },
            "require-dev": {
                "phpunit/phpunit": "^7.0"
            },
            "type": "library",
            "extra": {
                "branch-alias": {
                    "dev-master": "2.0-dev"
                }
            },
            "autoload": {
                "classmap": [
                    "src/"
                ]
            },
            "notification-url": "https://packagist.org/downloads/",
            "license": [
                "BSD-3-Clause"
            ],
            "authors": [
                {
                    "name": "Sebastian Bergmann",
                    "email": "sebastian@phpunit.de",
                    "role": "lead"
                }
            ],
            "description": "Utility class for timing",
            "homepage": "https://github.com/sebastianbergmann/php-timer/",
            "keywords": [
                "timer"
            ],
            "time": "2018-02-01T13:07:23+00:00"
        },
        {
            "name": "phpunit/php-token-stream",
            "version": "3.0.0",
            "source": {
                "type": "git",
                "url": "https://github.com/sebastianbergmann/php-token-stream.git",
                "reference": "21ad88bbba7c3d93530d93994e0a33cd45f02ace"
            },
            "dist": {
                "type": "zip",
                "url": "https://api.github.com/repos/sebastianbergmann/php-token-stream/zipball/21ad88bbba7c3d93530d93994e0a33cd45f02ace",
                "reference": "21ad88bbba7c3d93530d93994e0a33cd45f02ace",
                "shasum": ""
            },
            "require": {
                "ext-tokenizer": "*",
                "php": "^7.1"
            },
            "require-dev": {
                "phpunit/phpunit": "^7.0"
            },
            "type": "library",
            "extra": {
                "branch-alias": {
                    "dev-master": "3.0-dev"
                }
            },
            "autoload": {
                "classmap": [
                    "src/"
                ]
            },
            "notification-url": "https://packagist.org/downloads/",
            "license": [
                "BSD-3-Clause"
            ],
            "authors": [
                {
                    "name": "Sebastian Bergmann",
                    "email": "sebastian@phpunit.de"
                }
            ],
            "description": "Wrapper around PHP's tokenizer extension.",
            "homepage": "https://github.com/sebastianbergmann/php-token-stream/",
            "keywords": [
                "tokenizer"
            ],
            "time": "2018-02-01T13:16:43+00:00"
        },
        {
            "name": "phpunit/phpunit",
            "version": "3.7.0",
            "source": {
                "type": "git",
                "url": "https://github.com/sebastianbergmann/phpunit.git",
                "reference": "f6a4872c01bab898bce4f9e211e437533f248d43"
            },
            "dist": {
                "type": "zip",
                "url": "https://api.github.com/repos/sebastianbergmann/phpunit/zipball/f6a4872c01bab898bce4f9e211e437533f248d43",
                "reference": "f6a4872c01bab898bce4f9e211e437533f248d43",
                "shasum": ""
            },
            "require": {
                "ext-dom": "*",
                "ext-pcre": "*",
                "ext-reflection": "*",
                "ext-spl": "*",
                "php": ">=5.3.3",
                "phpunit/php-code-coverage": ">=1.2.0@stable",
                "phpunit/php-file-iterator": ">=1.3.1@stable",
                "phpunit/php-text-template": ">=1.1.1@stable",
                "phpunit/php-timer": ">=1.0.2@stable",
                "phpunit/phpunit-mock-objects": ">=1.2.0@stable",
                "symfony/yaml": ">=2.1.0@stable"
            },
            "suggest": {
                "ext-json": "*",
                "ext-simplexml": "*",
                "ext-tokenizer": "*",
                "phpunit/php-invoker": ">=1.1.0@stable"
            },
            "bin": [
                "composer/bin/phpunit"
            ],
            "type": "library",
            "extra": {
                "branch-alias": {
                    "dev-master": "3.7.x-dev"
                }
            },
            "autoload": {
                "files": [
                    "PHPUnit/Autoload.php"
                ]
            },
            "notification-url": "https://packagist.org/downloads/",
            "include-path": [
                "",
                "../../symfony/yaml/"
            ],
            "license": [
                "BSD-3-Clause"
            ],
            "authors": [
                {
                    "name": "Sebastian Bergmann",
                    "email": "sebastian@phpunit.de",
                    "role": "lead"
                }
            ],
            "description": "The PHP Unit Testing framework.",
            "homepage": "http://www.phpunit.de/",
            "keywords": [
                "phpunit",
                "testing",
                "xunit"
            ],
            "time": "2012-09-19T05:07:48+00:00"
        },
        {
            "name": "phpunit/phpunit-mock-objects",
            "version": "6.1.2",
            "source": {
                "type": "git",
                "url": "https://github.com/sebastianbergmann/phpunit-mock-objects.git",
                "reference": "f9756fd4f43f014cb2dca98deeaaa8ce5500a36e"
            },
            "dist": {
                "type": "zip",
                "url": "https://api.github.com/repos/sebastianbergmann/phpunit-mock-objects/zipball/f9756fd4f43f014cb2dca98deeaaa8ce5500a36e",
                "reference": "f9756fd4f43f014cb2dca98deeaaa8ce5500a36e",
                "shasum": ""
            },
            "require": {
                "doctrine/instantiator": "^1.0.5",
                "php": "^7.1",
                "phpunit/php-text-template": "^1.2.1",
                "sebastian/exporter": "^3.1"
            },
            "require-dev": {
                "phpunit/phpunit": "^7.0"
            },
            "suggest": {
                "ext-soap": "*"
            },
            "type": "library",
            "extra": {
                "branch-alias": {
                    "dev-master": "6.1-dev"
                }
            },
            "autoload": {
                "classmap": [
                    "src/"
                ]
            },
            "notification-url": "https://packagist.org/downloads/",
            "license": [
                "BSD-3-Clause"
            ],
            "authors": [
                {
                    "name": "Sebastian Bergmann",
                    "email": "sebastian@phpunit.de",
                    "role": "lead"
                }
            ],
            "description": "Mock Object library for PHPUnit",
            "homepage": "https://github.com/sebastianbergmann/phpunit-mock-objects/",
            "keywords": [
                "mock",
                "xunit"
            ],
            "time": "2018-05-29T13:54:20+00:00"
        },
        {
            "name": "sebastian/exporter",
            "version": "3.1.0",
            "source": {
                "type": "git",
                "url": "https://github.com/sebastianbergmann/exporter.git",
                "reference": "234199f4528de6d12aaa58b612e98f7d36adb937"
            },
            "dist": {
                "type": "zip",
                "url": "https://api.github.com/repos/sebastianbergmann/exporter/zipball/234199f4528de6d12aaa58b612e98f7d36adb937",
                "reference": "234199f4528de6d12aaa58b612e98f7d36adb937",
                "shasum": ""
            },
            "require": {
                "php": "^7.0",
                "sebastian/recursion-context": "^3.0"
            },
            "require-dev": {
                "ext-mbstring": "*",
                "phpunit/phpunit": "^6.0"
            },
            "type": "library",
            "extra": {
                "branch-alias": {
                    "dev-master": "3.1.x-dev"
                }
            },
            "autoload": {
                "classmap": [
                    "src/"
                ]
            },
            "notification-url": "https://packagist.org/downloads/",
            "license": [
                "BSD-3-Clause"
            ],
            "authors": [
                {
                    "name": "Jeff Welch",
                    "email": "whatthejeff@gmail.com"
                },
                {
                    "name": "Volker Dusch",
                    "email": "github@wallbash.com"
                },
                {
                    "name": "Bernhard Schussek",
                    "email": "bschussek@2bepublished.at"
                },
                {
                    "name": "Sebastian Bergmann",
                    "email": "sebastian@phpunit.de"
                },
                {
                    "name": "Adam Harvey",
                    "email": "aharvey@php.net"
                }
            ],
            "description": "Provides the functionality to export PHP variables for visualization",
            "homepage": "http://www.github.com/sebastianbergmann/exporter",
            "keywords": [
                "export",
                "exporter"
            ],
            "time": "2017-04-03T13:19:02+00:00"
        },
        {
            "name": "sebastian/recursion-context",
            "version": "3.0.0",
            "source": {
                "type": "git",
                "url": "https://github.com/sebastianbergmann/recursion-context.git",
                "reference": "5b0cd723502bac3b006cbf3dbf7a1e3fcefe4fa8"
            },
            "dist": {
                "type": "zip",
                "url": "https://api.github.com/repos/sebastianbergmann/recursion-context/zipball/5b0cd723502bac3b006cbf3dbf7a1e3fcefe4fa8",
                "reference": "5b0cd723502bac3b006cbf3dbf7a1e3fcefe4fa8",
                "shasum": ""
            },
            "require": {
                "php": "^7.0"
            },
            "require-dev": {
                "phpunit/phpunit": "^6.0"
            },
            "type": "library",
            "extra": {
                "branch-alias": {
                    "dev-master": "3.0.x-dev"
                }
            },
            "autoload": {
                "classmap": [
                    "src/"
                ]
            },
            "notification-url": "https://packagist.org/downloads/",
            "license": [
                "BSD-3-Clause"
            ],
            "authors": [
                {
                    "name": "Jeff Welch",
                    "email": "whatthejeff@gmail.com"
                },
                {
                    "name": "Sebastian Bergmann",
                    "email": "sebastian@phpunit.de"
                },
                {
                    "name": "Adam Harvey",
                    "email": "aharvey@php.net"
                }
            ],
            "description": "Provides functionality to recursively process PHP variables",
            "homepage": "http://www.github.com/sebastianbergmann/recursion-context",
            "time": "2017-03-03T06:23:57+00:00"
        },
        {
            "name": "symfony/polyfill-ctype",
            "version": "v1.9.0",
            "source": {
                "type": "git",
                "url": "https://github.com/symfony/polyfill-ctype.git",
                "reference": "e3d826245268269cd66f8326bd8bc066687b4a19"
            },
            "dist": {
                "type": "zip",
                "url": "https://api.github.com/repos/symfony/polyfill-ctype/zipball/e3d826245268269cd66f8326bd8bc066687b4a19",
                "reference": "e3d826245268269cd66f8326bd8bc066687b4a19",
                "shasum": ""
            },
            "require": {
                "php": ">=5.3.3"
            },
            "suggest": {
                "ext-ctype": "For best performance"
            },
            "type": "library",
            "extra": {
                "branch-alias": {
                    "dev-master": "1.9-dev"
                }
            },
            "autoload": {
                "psr-4": {
                    "Symfony\\Polyfill\\Ctype\\": ""
                },
                "files": [
                    "bootstrap.php"
                ]
            },
            "notification-url": "https://packagist.org/downloads/",
            "license": [
                "MIT"
            ],
            "authors": [
                {
                    "name": "Symfony Community",
                    "homepage": "https://symfony.com/contributors"
                },
                {
                    "name": "Gert de Pagter",
                    "email": "BackEndTea@gmail.com"
                }
            ],
            "description": "Symfony polyfill for ctype functions",
            "homepage": "https://symfony.com",
            "keywords": [
                "compatibility",
                "ctype",
                "polyfill",
                "portable"
            ],
            "time": "2018-08-06T14:22:27+00:00"
        },
        {
            "name": "symfony/yaml",
            "version": "v4.1.4",
            "source": {
                "type": "git",
                "url": "https://github.com/symfony/yaml.git",
                "reference": "b832cc289608b6d305f62149df91529a2ab3c314"
            },
            "dist": {
                "type": "zip",
                "url": "https://api.github.com/repos/symfony/yaml/zipball/b832cc289608b6d305f62149df91529a2ab3c314",
                "reference": "b832cc289608b6d305f62149df91529a2ab3c314",
                "shasum": ""
            },
            "require": {
                "php": "^7.1.3",
                "symfony/polyfill-ctype": "~1.8"
            },
            "conflict": {
                "symfony/console": "<3.4"
            },
            "require-dev": {
                "symfony/console": "~3.4|~4.0"
            },
            "suggest": {
                "symfony/console": "For validating YAML files using the lint command"
            },
            "type": "library",
            "extra": {
                "branch-alias": {
                    "dev-master": "4.1-dev"
                }
            },
            "autoload": {
                "psr-4": {
                    "Symfony\\Component\\Yaml\\": ""
                },
                "exclude-from-classmap": [
                    "/Tests/"
                ]
            },
            "notification-url": "https://packagist.org/downloads/",
            "license": [
                "MIT"
            ],
            "authors": [
                {
                    "name": "Fabien Potencier",
                    "email": "fabien@symfony.com"
                },
                {
                    "name": "Symfony Community",
                    "homepage": "https://symfony.com/contributors"
                }
            ],
            "description": "Symfony Yaml Component",
            "homepage": "https://symfony.com",
            "time": "2018-08-18T16:52:46+00:00"
        }
    ],
    "aliases": [],
    "minimum-stability": "stable",
    "stability-flags": [],
    "prefer-stable": false,
    "prefer-lowest": false,
    "platform": [],
    "platform-dev": []
}
